
Microsoft Visual Studio Solution File, Format Version 12.00
# Visual Studio Version 17
VisualStudioVersion = 17.5.33516.290
MinimumVisualStudioVersion = 10.0.40219.1
Project("{FAE04EC0-301F-11D3-BF4B-00C04F79EFBC}") = "NZWalksApi", "NZWalksApi\NZWalksApi.csproj", "{0E330131-CBF9-4A32-95F6-4C2563CD0DC5}"
EndProject
Global
	GlobalSection(SolutionConfigurationPlatforms) = preSolution
		Debug|Any CPU = Debug|Any CPU
		Release|Any CPU = Release|Any CPU
	EndGlobalSection
	GlobalSection(ProjectConfigurationPlatforms) = postSolution
		{0E330131-CBF9-4A32-95F6-4C2563CD0DC5}.Debug|Any CPU.ActiveCfg = Debug|Any CPU
		{0E330131-CBF9-4A32-95F6-4C2563CD0DC5}.Debug|Any CPU.Build.0 = Debug|Any CPU
		{0E330131-CBF9-4A32-95F6-4C2563CD0DC5}.Release|Any CPU.ActiveCfg = Release|Any CPU
		{0E330131-CBF9-4A32-95F6-4C2563CD0DC5}.Release|Any CPU.Build.0 = Release|Any CPU
	EndGlobalSection
	GlobalSection(SolutionProperties) = preSolution
		HideSolutionNode = FALSE
	EndGlobalSection
	GlobalSection(ExtensibilityGlobals) = postSolution
		SolutionGuid = {646B5649-08D6-4032-B428-A787B6F82BD1}
	EndGlobalSection
EndGlobal
